
Microsoft Visual Studio Solution File, Format Version 12.00
# Visual Studio Version 17
VisualStudioVersion = 17.9.34622.214
MinimumVisualStudioVersion = 10.0.40219.1
Project("{FAE04EC0-301F-11D3-BF4B-00C04F79EFBC}") = "ConsoleApp5", "ConsoleApp5\ConsoleApp5.csproj", "{0BD8C632-CFE2-4993-BE37-E5BE5DEA9213}"
EndProject
Global
	GlobalSection(SolutionConfigurationPlatforms) = preSolution
		Debug|Any CPU = Debug|Any CPU
		Release|Any CPU = Release|Any CPU
	EndGlobalSection
	GlobalSection(ProjectConfigurationPlatforms) = postSolution
		{0BD8C632-CFE2-4993-BE37-E5BE5DEA9213}.Debug|Any CPU.ActiveCfg = Debug|Any CPU
		{0BD8C632-CFE2-4993-BE37-E5BE5DEA9213}.Debug|Any CPU.Build.0 = Debug|Any CPU
		{0BD8C632-CFE2-4993-BE37-E5BE5DEA9213}.Release|Any CPU.ActiveCfg = Release|Any CPU
		{0BD8C632-CFE2-4993-BE37-E5BE5DEA9213}.Release|Any CPU.Build.0 = Release|Any CPU
	EndGlobalSection
	GlobalSection(SolutionProperties) = preSolution
		HideSolutionNode = FALSE
	EndGlobalSection
	GlobalSection(ExtensibilityGlobals) = postSolution
		SolutionGuid = {CDDAE1D2-3F43-4818-BD2A-F5430BF3610A}
	EndGlobalSection
EndGlobal
